
Microsoft Visual Studio Solution File, Format Version 12.00
# Visual Studio Version 17
VisualStudioVersion = 17.2.32602.215
MinimumVisualStudioVersion = 10.0.40219.1
Project("{FAE04EC0-301F-11D3-BF4B-00C04F79EFBC}") = "CourseResourceManager", "CourseResourceManager\CourseResourceManager.csproj", "{1BB68208-99D7-45B2-B72F-BAF4C6C00107}"
EndProject
Global
	GlobalSection(SolutionConfigurationPlatforms) = preSolution
		Debug|Any CPU = Debug|Any CPU
		Release|Any CPU = Release|Any CPU
	EndGlobalSection
	GlobalSection(ProjectConfigurationPlatforms) = postSolution
		{1BB68208-99D7-45B2-B72F-BAF4C6C00107}.Debug|Any CPU.ActiveCfg = Debug|Any CPU
		{1BB68208-99D7-45B2-B72F-BAF4C6C00107}.Debug|Any CPU.Build.0 = Debug|Any CPU
		{1BB68208-99D7-45B2-B72F-BAF4C6C00107}.Release|Any CPU.ActiveCfg = Release|Any CPU
		{1BB68208-99D7-45B2-B72F-BAF4C6C00107}.Release|Any CPU.Build.0 = Release|Any CPU
	EndGlobalSection
	GlobalSection(SolutionProperties) = preSolution
		HideSolutionNode = FALSE
	EndGlobalSection
	GlobalSection(ExtensibilityGlobals) = postSolution
		SolutionGuid = {488A6B6B-EADD-4C68-BB65-EEF9E2B0E3D7}
	EndGlobalSection
EndGlobal
